// !$*UTF8*$!
{
	archiveVersion = 1;
	classes = {
	};
	objectVersion = 50;
	objects = {

/* Begin PBXBuildFile section */
		427359F92656BA4E00C859F0 /* AppDelegate.swift in Sources */ = {isa = PBXBuildFile; fileRef = 427359F82656BA4E00C859F0 /* AppDelegate.swift */; };
		427359FB2656BA4E00C859F0 /* SceneDelegate.swift in Sources */ = {isa = PBXBuildFile; fileRef = 427359FA2656BA4E00C859F0 /* SceneDelegate.swift */; };
		42735A002656BA4E00C859F0 /* Main.storyboard in Resources */ = {isa = PBXBuildFile; fileRef = 427359FE2656BA4E00C859F0 /* Main.storyboard */; };
		42735A022656BA4E00C859F0 /* Assets.xcassets in Resources */ = {isa = PBXBuildFile; fileRef = 42735A012656BA4E00C859F0 /* Assets.xcassets */; };
		42735A052656BA4E00C859F0 /* LaunchScreen.storyboard in Resources */ = {isa = PBXBuildFile; fileRef = 42735A032656BA4E00C859F0 /* LaunchScreen.storyboard */; };
		42735A0D2656BD8A00C859F0 /* Post.swift in Sources */ = {isa = PBXBuildFile; fileRef = 42735A0C2656BD8A00C859F0 /* Post.swift */; };
		42735A102656BFB200C859F0 /* PostError.swift in Sources */ = {isa = PBXBuildFile; fileRef = 42735A0F2656BFB200C859F0 /* PostError.swift */; };
		42735A132656C4F000C859F0 /* NetworkRequest.swift in Sources */ = {isa = PBXBuildFile; fileRef = 42735A122656C4F000C859F0 /* NetworkRequest.swift */; };
/* End PBXBuildFile section */

/* Begin PBXFileReference section */
		427359F52656BA4E00C859F0 /* TMobileChallenge.app */ = {isa = PBXFileReference; explicitFileType = wrapper.application; includeInIndex = 0; path = TMobileChallenge.app; sourceTree = BUILT_PRODUCTS_DIR; };
		427359F82656BA4E00C859F0 /* AppDelegate.swift */ = {isa = PBXFileReference; lastKnownFileType = sourcecode.swift; path = AppDelegate.swift; sourceTree = "<group>"; };
		427359FA2656BA4E00C859F0 /* SceneDelegate.swift */ = {isa = PBXFileReference; lastKnownFileType = sourcecode.swift; path = SceneDelegate.swift; sourceTree = "<group>"; };
		427359FF2656BA4E00C859F0 /* Base */ = {isa = PBXFileReference; lastKnownFileType = file.storyboard; name = Base; path = Base.lproj/Main.storyboard; sourceTree = "<group>"; };
		42735A012656BA4E00C859F0 /* Assets.xcassets */ = {isa = PBXFileReference; lastKnownFileType = folder.assetcatalog; path = Assets.xcassets; sourceTree = "<group>"; };
		42735A042656BA4E00C859F0 /* Base */ = {isa = PBXFileReference; lastKnownFileType = file.storyboard; name = Base; path = Base.lproj/LaunchScreen.storyboard; sourceTree = "<group>"; };
		42735A062656BA4E00C859F0 /* Info.plist */ = {isa = PBXFileReference; lastKnownFileType = text.plist.xml; path = Info.plist; sourceTree = "<group>"; };
		42735A0C2656BD8A00C859F0 /* Post.swift */ = {isa = PBXFileReference; lastKnownFileType = sourcecode.swift; path = Post.swift; sourceTree = "<group>"; };
		42735A0F2656BFB200C859F0 /* PostError.swift */ = {isa = PBXFileReference; lastKnownFileType = sourcecode.swift; path = PostError.swift; sourceTree = "<group>"; };
		42735A122656C4F000C859F0 /* NetworkRequest.swift */ = {isa = PBXFileReference; lastKnownFileType = sourcecode.swift; path = NetworkRequest.swift; sourceTree = "<group>"; };
/* End PBXFileReference section */

/* Begin PBXFrameworksBuildPhase section */
		427359F22656BA4E00C859F0 /* Frameworks */ = {
			isa = PBXFrameworksBuildPhase;
			buildActionMask = 2147483647;
			files = (
			);
			runOnlyForDeploymentPostprocessing = 0;
		};
/* End PBXFrameworksBuildPhase section */

/* Begin PBXGroup section */
		427359EC2656BA4E00C859F0 = {
			isa = PBXGroup;
			children = (
				427359F72656BA4E00C859F0 /* TMobileChallenge */,
				427359F62656BA4E00C859F0 /* Products */,
			);
			sourceTree = "<group>";
		};
		427359F62656BA4E00C859F0 /* Products */ = {
			isa = PBXGroup;
			children = (
				427359F52656BA4E00C859F0 /* TMobileChallenge.app */,
			);
			name = Products;
			sourceTree = "<group>";
		};
		427359F72656BA4E00C859F0 /* TMobileChallenge */ = {
			isa = PBXGroup;
			children = (
				427359F82656BA4E00C859F0 /* AppDelegate.swift */,
				427359FA2656BA4E00C859F0 /* SceneDelegate.swift */,
				427359FE2656BA4E00C859F0 /* Main.storyboard */,
				42735A112656BFD600C859F0 /* Helper */,
				42735A0E2656BDB300C859F0 /* Model */,
				42735A012656BA4E00C859F0 /* Assets.xcassets */,
				42735A032656BA4E00C859F0 /* LaunchScreen.storyboard */,
				42735A062656BA4E00C859F0 /* Info.plist */,
				42735A142656C4F600C859F0 /* Networking */,
			);
			path = TMobileChallenge;
			sourceTree = "<group>";
		};
		42735A0E2656BDB300C859F0 /* Model */ = {
			isa = PBXGroup;
			children = (
				42735A0C2656BD8A00C859F0 /* Post.swift */,
			);
			path = Model;
			sourceTree = "<group>";
		};
		42735A112656BFD600C859F0 /* Helper */ = {
			isa = PBXGroup;
			children = (
				42735A0F2656BFB200C859F0 /* PostError.swift */,
			);
			path = Helper;
			sourceTree = "<group>";
		};
		42735A142656C4F600C859F0 /* Networking */ = {
			isa = PBXGroup;
			children = (
				42735A122656C4F000C859F0 /* NetworkRequest.swift */,
			);
			path = Networking;
			sourceTree = "<group>";
		};
/* End PBXGroup section */

/* Begin PBXNativeTarget section */
		427359F42656BA4E00C859F0 /* TMobileChallenge */ = {
			isa = PBXNativeTarget;
			buildConfigurationList = 42735A092656BA4E00C859F0 /* Build configuration list for PBXNativeTarget "TMobileChallenge" */;
			buildPhases = (
				427359F12656BA4E00C859F0 /* Sources */,
				427359F22656BA4E00C859F0 /* Frameworks */,
				427359F32656BA4E00C859F0 /* Resources */,
			);
			buildRules = (
			);
			dependencies = (
			);
			name = TMobileChallenge;
			productName = TMobileChallenge;
			productReference = 427359F52656BA4E00C859F0 /* TMobileChallenge.app */;
			productType = "com.apple.product-type.application";
		};
/* End PBXNativeTarget section */

/* Begin PBXProject section */
		427359ED2656BA4E00C859F0 /* Project object */ = {
			isa = PBXProject;
			attributes = {
				LastSwiftUpdateCheck = 1250;
				LastUpgradeCheck = 1250;
				TargetAttributes = {
					427359F42656BA4E00C859F0 = {
						CreatedOnToolsVersion = 12.5;
					};
				};
			};
			buildConfigurationList = 427359F02656BA4E00C859F0 /* Build configuration list for PBXProject "TMobileChallenge" */;
			compatibilityVersion = "Xcode 9.3";
			developmentRegion = en;
			hasScannedForEncodings = 0;
			knownRegions = (
				en,
				Base,
			);
			mainGroup = 427359EC2656BA4E00C859F0;
			productRefGroup = 427359F62656BA4E00C859F0 /* Products */;
			projectDirPath = "";
			projectRoot = "";
			targets = (
				427359F42656BA4E00C859F0 /* TMobileChallenge */,
			);
		};
/* End PBXProject section */

/* Begin PBXResourcesBuildPhase section */
		427359F32656BA4E00C859F0 /* Resources */ = {
			isa = PBXResourcesBuildPhase;
			buildActionMask = 2147483647;
			files = (
				42735A052656BA4E00C859F0 /* LaunchScreen.storyboard in Resources */,
				42735A022656BA4E00C859F0 /* Assets.xcassets in Resources */,
				42735A002656BA4E00C859F0 /* Main.storyboard in Resources */,
			);
			runOnlyForDeploymentPostprocessing = 0;
		};
/* End PBXResourcesBuildPhase section */

/* Begin PBXSourcesBuildPhase section */
		427359F12656BA4E00C859F0 /* Sources */ = {
			isa = PBXSourcesBuildPhase;
			buildActionMask = 2147483647;
			files = (
				42735A0D2656BD8A00C859F0 /* Post.swift in Sources */,
				427359F92656BA4E00C859F0 /* AppDelegate.swift in Sources */,
				42735A102656BFB200C859F0 /* PostError.swift in Sources */,
				427359FB2656BA4E00C859F0 /* SceneDelegate.swift in Sources */,
				42735A132656C4F000C859F0 /* NetworkRequest.swift in Sources */,
			);
			runOnlyForDeploymentPostprocessing = 0;
		};
/* End PBXSourcesBuildPhase section */

/* Begin PBXVariantGroup section */
		427359FE2656BA4E00C859F0 /* Main.storyboard */ = {
			isa = PBXVariantGroup;
			children = (
				427359FF2656BA4E00C859F0 /* Base */,
			);
			name = Main.storyboard;
			sourceTree = "<group>";
		};
		42735A032656BA4E00C859F0 /* LaunchScreen.storyboard */ = {
			isa = PBXVariantGroup;
			children = (
				42735A042656BA4E00C859F0 /* Base */,
			);
			name = LaunchScreen.storyboard;
			sourceTree = "<group>";
		};
/* End PBXVariantGroup section */

/* Begin XCBuildConfiguration section */
		42735A072656BA4E00C859F0 /* Debug */ = {
			isa = XCBuildConfiguration;
			buildSettings = {
				ALWAYS_SEARCH_USER_PATHS = NO;
				CLANG_ANALYZER_NONNULL = YES;
				CLANG_ANALYZER_NUMBER_OBJECT_CONVERSION = YES_AGGRESSIVE;
				CLANG_CXX_LANGUAGE_STANDARD = "gnu++14";
				CLANG_CXX_LIBRARY = "libc++";
				CLANG_ENABLE_MODULES = YES;
				CLANG_ENABLE_OBJC_ARC = YES;
				CLANG_ENABLE_OBJC_WEAK = YES;
				CLANG_WARN_BLOCK_CAPTURE_AUTORELEASING = YES;
				CLANG_WARN_BOOL_CONVERSION = YES;
				CLANG_WARN_COMMA = YES;
				CLANG_WARN_CONSTANT_CONVERSION = YES;
				CLANG_WARN_DEPRECATED_OBJC_IMPLEMENTATIONS = YES;
				CLANG_WARN_DIRECT_OBJC_ISA_USAGE = YES_ERROR;
				CLANG_WARN_DOCUMENTATION_COMMENTS = YES;
				CLANG_WARN_EMPTY_BODY = YES;
				CLANG_WARN_ENUM_CONVERSION = YES;
				CLANG_WARN_INFINITE_RECURSION = YES;
				CLANG_WARN_INT_CONVERSION = YES;
				CLANG_WARN_NON_LITERAL_NULL_CONVERSION = YES;
				CLANG_WARN_OBJC_IMPLICIT_RETAIN_SELF = YES;
				CLANG_WARN_OBJC_LITERAL_CONVERSION = YES;
				CLANG_WARN_OBJC_ROOT_CLASS = YES_ERROR;
				CLANG_WARN_QUOTED_INCLUDE_IN_FRAMEWORK_HEADER = YES;
				CLANG_WARN_RANGE_LOOP_ANALYSIS = YES;
				CLANG_WARN_STRICT_PROTOTYPES = YES;
				CLANG_WARN_SUSPICIOUS_MOVE = YES;
				CLANG_WARN_UNGUARDED_AVAILABILITY = YES_AGGRESSIVE;
				CLANG_WARN_UNREACHABLE_CODE = YES;
				CLANG_WARN__DUPLICATE_METHOD_MATCH = YES;
				COPY_PHASE_STRIP = NO;
				DEBUG_INFORMATION_FORMAT = dwarf;
				ENABLE_STRICT_OBJC_MSGSEND = YES;
				ENABLE_TESTABILITY = YES;
				GCC_C_LANGUAGE_STANDARD = gnu11;
				GCC_DYNAMIC_NO_PIC = NO;
				GCC_NO_COMMON_BLOCKS = YES;
				GCC_OPTIMIZATION_LEVEL = 0;
				GCC_PREPROCESSOR_DEFINITIONS = (
					"DEBUG=1",
					"$(inherited)",
				);
				GCC_WARN_64_TO_32_BIT_CONVERSION = YES;
				GCC_WARN_ABOUT_RETURN_TYPE = YES_ERROR;
				GCC_WARN_UNDECLARED_SELECTOR = YES;
				GCC_WARN_UNINITIALIZED_AUTOS = YES_AGGRESSIVE;
				GCC_WARN_UNUSED_FUNCTION = YES;
				GCC_WARN_UNUSED_VARIABLE = YES;
				IPHONEOS_DEPLOYMENT_TARGET = 14.5;
				MTL_ENABLE_DEBUG_INFO = INCLUDE_SOURCE;
				MTL_FAST_MATH = YES;
				ONLY_ACTIVE_ARCH = YES;
				SDKROOT = iphoneos;
				SWIFT_ACTIVE_COMPILATION_CONDITIONS = DEBUG;
				SWIFT_OPTIMIZATION_LEVEL = "-Onone";
			};
			name = Debug;
		};
		42735A082656BA4E00C859F0 /* Release */ = {
			isa = XCBuildConfiguration;
			buildSettings = {
				ALWAYS_SEARCH_USER_PATHS = NO;
				CLANG_ANALYZER_NONNULL = YES;
				CLANG_ANALYZER_NUMBER_OBJECT_CONVERSION = YES_AGGRESSIVE;
				CLANG_CXX_LANGUAGE_STANDARD = "gnu++14";
				CLANG_CXX_LIBRARY = "libc++";
				CLANG_ENABLE_MODULES = YES;
				CLANG_ENABLE_OBJC_ARC = YES;
				CLANG_ENABLE_OBJC_WEAK = YES;
				CLANG_WARN_BLOCK_CAPTURE_AUTORELEASING = YES;
				CLANG_WARN_BOOL_CONVERSION = YES;
				CLANG_WARN_COMMA = YES;
				CLANG_WARN_CONSTANT_CONVERSION = YES;
				CLANG_WARN_DEPRECATED_OBJC_IMPLEMENTATIONS = YES;
				CLANG_WARN_DIRECT_OBJC_ISA_USAGE = YES_ERROR;
				CLANG_WARN_DOCUMENTATION_COMMENTS = YES;
				CLANG_WARN_EMPTY_BODY = YES;
				CLANG_WARN_ENUM_CONVERSION = YES;
				CLANG_WARN_INFINITE_RECURSION = YES;
				CLANG_WARN_INT_CONVERSION = YES;
				CLANG_WARN_NON_LITERAL_NULL_CONVERSION = YES;
				CLANG_WARN_OBJC_IMPLICIT_RETAIN_SELF = YES;
				CLANG_WARN_OBJC_LITERAL_CONVERSION = YES;
				CLANG_WARN_OBJC_ROOT_CLASS = YES_ERROR;
				CLANG_WARN_QUOTED_INCLUDE_IN_FRAMEWORK_HEADER = YES;
				CLANG_WARN_RANGE_LOOP_ANALYSIS = YES;
				CLANG_WARN_STRICT_PROTOTYPES = YES;
				CLANG_WARN_SUSPICIOUS_MOVE = YES;
				CLANG_WARN_UNGUARDED_AVAILABILITY = YES_AGGRESSIVE;
				CLANG_WARN_UNREACHABLE_CODE = YES;
				CLANG_WARN__DUPLICATE_METHOD_MATCH = YES;
				COPY_PHASE_STRIP = NO;
				DEBUG_INFORMATION_FORMAT = "dwarf-with-dsym";
				ENABLE_NS_ASSERTIONS = NO;
				ENABLE_STRICT_OBJC_MSGSEND = YES;
				GCC_C_LANGUAGE_STANDARD = gnu11;
				GCC_NO_COMMON_BLOCKS = YES;
				GCC_WARN_64_TO_32_BIT_CONVERSION = YES;
				GCC_WARN_ABOUT_RETURN_TYPE = YES_ERROR;
				GCC_WARN_UNDECLARED_SELECTOR = YES;
				GCC_WARN_UNINITIALIZED_AUTOS = YES_AGGRESSIVE;
				GCC_WARN_UNUSED_FUNCTION = YES;
				GCC_WARN_UNUSED_VARIABLE = YES;
				IPHONEOS_DEPLOYMENT_TARGET = 14.5;
				MTL_ENABLE_DEBUG_INFO = NO;
				MTL_FAST_MATH = YES;
				SDKROOT = iphoneos;
				SWIFT_COMPILATION_MODE = wholemodule;
				SWIFT_OPTIMIZATION_LEVEL = "-O";
				VALIDATE_PRODUCT = YES;
			};
			name = Release;
		};
		42735A0A2656BA4E00C859F0 /* Debug */ = {
			isa = XCBuildConfiguration;
			buildSettings = {
				ASSETCATALOG_COMPILER_APPICON_NAME = AppIcon;
				ASSETCATALOG_COMPILER_GLOBAL_ACCENT_COLOR_NAME = AccentColor;
				CODE_SIGN_STYLE = Automatic;
				DEVELOPMENT_TEAM = ZZR7FKBFJP;
				INFOPLIST_FILE = TMobileChallenge/Info.plist;
				LD_RUNPATH_SEARCH_PATHS = (
					"$(inherited)",
					"@executable_path/Frameworks",
				);
				PRODUCT_BUNDLE_IDENTIFIER = com.HinWong.TMobileChallenge;
				PRODUCT_NAME = "$(TARGET_NAME)";
				SWIFT_VERSION = 5.0;
				TARGETED_DEVICE_FAMILY = "1,2";
			};
			name = Debug;
		};
		42735A0B2656BA4E00C859F0 /* Release */ = {
			isa = XCBuildConfiguration;
			buildSettings = {
				ASSETCATALOG_COMPILER_APPICON_NAME = AppIcon;
				ASSETCATALOG_COMPILER_GLOBAL_ACCENT_COLOR_NAME = AccentColor;
				CODE_SIGN_STYLE = Automatic;
				DEVELOPMENT_TEAM = ZZR7FKBFJP;
				INFOPLIST_FILE = TMobileChallenge/Info.plist;
				LD_RUNPATH_SEARCH_PATHS = (
					"$(inherited)",
					"@executable_path/Frameworks",
				);
				PRODUCT_BUNDLE_IDENTIFIER = com.HinWong.TMobileChallenge;
				PRODUCT_NAME = "$(TARGET_NAME)";
				SWIFT_VERSION = 5.0;
				TARGETED_DEVICE_FAMILY = "1,2";
			};
			name = Release;
		};
/* End XCBuildConfiguration section */

/* Begin XCConfigurationList section */
		427359F02656BA4E00C859F0 /* Build configuration list for PBXProject "TMobileChallenge" */ = {
			isa = XCConfigurationList;
			buildConfigurations = (
				42735A072656BA4E00C859F0 /* Debug */,
				42735A082656BA4E00C859F0 /* Release */,
			);
			defaultConfigurationIsVisible = 0;
			defaultConfigurationName = Release;
		};
		42735A092656BA4E00C859F0 /* Build configuration list for PBXNativeTarget "TMobileChallenge" */ = {
			isa = XCConfigurationList;
			buildConfigurations = (
				42735A0A2656BA4E00C859F0 /* Debug */,
				42735A0B2656BA4E00C859F0 /* Release */,
			);
			defaultConfigurationIsVisible = 0;
			defaultConfigurationName = Release;
		};
/* End XCConfigurationList section */
	};
	rootObject = 427359ED2656BA4E00C859F0 /* Project object */;
}
